{
  "name": "typescript-client",
  "lockfileVersion": 3,
  "requires": true,
  "packages": {
    "": {
      "dependencies": {
        "openfl": "^9.5.0"
      }
    },
    "node_modules/file-saver": {
      "version": "1.3.8",
      "resolved": "https://registry.npmjs.org/file-saver/-/file-saver-1.3.8.tgz",
      "integrity": "sha512-spKHSBQIxxS81N/O21WmuXA2F6wppUCsutpzenOeZzOCCJ5gEfcbqJP983IrpLXzYmXnMUa6J03SubcNPdKrlg==",
      "license": "MIT"
    },
    "node_modules/howler": {
      "version": "2.2.4",
      "resolved": "https://registry.npmjs.org/howler/-/howler-2.2.4.tgz",
      "integrity": "sha512-iARIBPgcQrwtEr+tALF+rapJ8qSc+Set2GJQl7xT1MQzWaVkFebdJhR3alVlSiUf5U7nAANKuj3aWpwerocD5w==",
      "license": "MIT"
    },
    "node_modules/openfl": {
      "version": "9.5.0",
      "resolved": "https://registry.npmjs.org/openfl/-/openfl-9.5.0.tgz",
      "integrity": "sha512-Hnh1WzGlO0YaAMXcT07F0cgUOMbf8IROSr6FkcpfFm4ZMaYU3Faia/IIho04MZZcgEpzCfgfLKeF7EmhWYPG6g==",
      "license": "MIT",
      "dependencies": {
        "file-saver": "^1.3.8",
        "howler": "^2.0.15",
        "pako": "^1.0.6"
      },
      "bin": {
        "openfljs": "bin/openfl.js"
      }
    },
    "node_modules/pako": {
      "version": "1.0.11",
      "resolved": "https://registry.npmjs.org/pako/-/pako-1.0.11.tgz",
      "integrity": "sha512-4hLB8Py4zZce5s4yd9XzopqwVv/yGNhV1Bl8NTmCq1763HeK2+EwVTv+leGeL13Dnh2wfbqowVPXCIO0z4taYw==",
      "license": "(MIT AND Zlib)"
    }
  }
}
